{
    "develop": {},
    "default": {
        "crayons": {
            "version": "==0.1.2",
            "hash": "sha256:5e17691605e564d63482067eb6327d01a584bbaf870beffd4456a3391bd8809d"
        },
        "docopt": {
            "version": "==0.6.2",
            "hash": "sha256:49b3a825280bd66b3aa83585ef59c4a8c82f2c8a522dbe754a8bc8d08c85c491"
        },
        "tinydb": {
            "version": "==3.2.2",
            "hash": "sha256:26af7336a83c74c2eb9de27754f5962885b0a261ed84cb5e141648e1efcf4646"
        },
        "colorama": {
            "version": "==0.3.7",
            "hash": "sha256:a4c0f5bc358a62849653471e309dcc991223cf86abafbec17cd8f41327279e89"
        },
        "tinydb-serialization": {
            "version": "==1.0.3",
            "hash": "sha256:2b339bee95c633768e2a87f895a17421aace9fd90b02615fd66dafbae9bc0702"
        }
    },
    "_meta": {
        "hash": {
            "sha256": "feec6de28e51a82467d28459008d9eaa4391d0ff1cf8c30f222e53aa8c0c4baf"
        },
        "requires": {},
        "sources": [
            {
                "url": "https://pypi.python.org/simple",
                "verify_ssl": true
            }
        ]
    }
}